
Microsoft Visual Studio Solution File, Format Version 12.00
# Visual Studio Version 17
VisualStudioVersion = 17.14.36310.24 d17.14
MinimumVisualStudioVersion = 10.0.40219.1
Project("{888888A0-9F3D-457C-B088-3A5042F75D52}") = "Розробник Пожалов Роман", "Розробник Пожалов Роман\Розробник Пожалов Роман.pyproj", "{B9390D64-28A8-4897-83B1-2902619132BA}"
EndProject
Global
	GlobalSection(SolutionConfigurationPlatforms) = preSolution
		Debug|Any CPU = Debug|Any CPU
		Release|Any CPU = Release|Any CPU
	EndGlobalSection
	GlobalSection(ProjectConfigurationPlatforms) = postSolution
		{B9390D64-28A8-4897-83B1-2902619132BA}.Debug|Any CPU.ActiveCfg = Debug|Any CPU
		{B9390D64-28A8-4897-83B1-2902619132BA}.Release|Any CPU.ActiveCfg = Release|Any CPU
	EndGlobalSection
	GlobalSection(SolutionProperties) = preSolution
		HideSolutionNode = FALSE
	EndGlobalSection
	GlobalSection(ExtensibilityGlobals) = postSolution
		SolutionGuid = {86887E5D-1C77-4392-AB5C-8CD5320EFB62}
	EndGlobalSection
EndGlobal
